// !$*UTF8*$!
{
	archiveVersion = 1;
	classes = {
	};
	objectVersion = 50;
	objects = {

/* Begin PBXBuildFile section */
		238182B92156DA3400A70933 /* AppDelegate.swift in Sources */ = {isa = PBXBuildFile; fileRef = 238182B82156DA3400A70933 /* AppDelegate.swift */; };
		238182BB2156DA3400A70933 /* ViewController.swift in Sources */ = {isa = PBXBuildFile; fileRef = 238182BA2156DA3400A70933 /* ViewController.swift */; };
		238182BE2156DA3400A70933 /* Main.storyboard in Resources */ = {isa = PBXBuildFile; fileRef = 238182BC2156DA3400A70933 /* Main.storyboard */; };
		238182C02156DA3500A70933 /* Assets.xcassets in Resources */ = {isa = PBXBuildFile; fileRef = 238182BF2156DA3500A70933 /* Assets.xcassets */; };
		238182C32156DA3500A70933 /* LaunchScreen.storyboard in Resources */ = {isa = PBXBuildFile; fileRef = 238182C12156DA3500A70933 /* LaunchScreen.storyboard */; };
		238182D52156E95C00A70933 /* AboutViewController.swift in Sources */ = {isa = PBXBuildFile; fileRef = 238182D42156E95C00A70933 /* AboutViewController.swift */; };
		238182D72156E96F00A70933 /* ProfileViewController.swift in Sources */ = {isa = PBXBuildFile; fileRef = 238182D62156E96F00A70933 /* ProfileViewController.swift */; };
		238182D92156E97E00A70933 /* PortfolioViewController.swift in Sources */ = {isa = PBXBuildFile; fileRef = 238182D82156E97E00A70933 /* PortfolioViewController.swift */; };
		23EBB39A2158154800F0A8E9 /* background_grey.jpg in Resources */ = {isa = PBXBuildFile; fileRef = 23EBB3992158154800F0A8E9 /* background_grey.jpg */; };
/* End PBXBuildFile section */

/* Begin PBXFileReference section */
		238182B52156DA3400A70933 /* Assignment.app */ = {isa = PBXFileReference; explicitFileType = wrapper.application; includeInIndex = 0; path = Assignment.app; sourceTree = BUILT_PRODUCTS_DIR; };
		238182B82156DA3400A70933 /* AppDelegate.swift */ = {isa = PBXFileReference; lastKnownFileType = sourcecode.swift; path = AppDelegate.swift; sourceTree = "<group>"; };
		238182BA2156DA3400A70933 /* ViewController.swift */ = {isa = PBXFileReference; lastKnownFileType = sourcecode.swift; path = ViewController.swift; sourceTree = "<group>"; };
		238182BD2156DA3400A70933 /* Base */ = {isa = PBXFileReference; lastKnownFileType = file.storyboard; name = Base; path = Base.lproj/Main.storyboard; sourceTree = "<group>"; };
		238182BF2156DA3500A70933 /* Assets.xcassets */ = {isa = PBXFileReference; lastKnownFileType = folder.assetcatalog; path = Assets.xcassets; sourceTree = "<group>"; };
		238182C22156DA3500A70933 /* Base */ = {isa = PBXFileReference; lastKnownFileType = file.storyboard; name = Base; path = Base.lproj/LaunchScreen.storyboard; sourceTree = "<group>"; };
		238182C42156DA3500A70933 /* Info.plist */ = {isa = PBXFileReference; lastKnownFileType = text.plist.xml; path = Info.plist; sourceTree = "<group>"; };
		238182D42156E95C00A70933 /* AboutViewController.swift */ = {isa = PBXFileReference; lastKnownFileType = sourcecode.swift; path = AboutViewController.swift; sourceTree = "<group>"; };
		238182D62156E96F00A70933 /* ProfileViewController.swift */ = {isa = PBXFileReference; lastKnownFileType = sourcecode.swift; path = ProfileViewController.swift; sourceTree = "<group>"; };
		238182D82156E97E00A70933 /* PortfolioViewController.swift */ = {isa = PBXFileReference; lastKnownFileType = sourcecode.swift; path = PortfolioViewController.swift; sourceTree = "<group>"; };
		23EBB3992158154800F0A8E9 /* background_grey.jpg */ = {isa = PBXFileReference; lastKnownFileType = image.jpeg; path = background_grey.jpg; sourceTree = "<group>"; };
/* End PBXFileReference section */

/* Begin PBXFrameworksBuildPhase section */
		238182B22156DA3400A70933 /* Frameworks */ = {
			isa = PBXFrameworksBuildPhase;
			buildActionMask = 2147483647;
			files = (
			);
			runOnlyForDeploymentPostprocessing = 0;
		};
/* End PBXFrameworksBuildPhase section */

/* Begin PBXGroup section */
		238182AC2156DA3400A70933 = {
			isa = PBXGroup;
			children = (
				238182B72156DA3400A70933 /* Assignment */,
				238182B62156DA3400A70933 /* Products */,
			);
			sourceTree = "<group>";
		};
		238182B62156DA3400A70933 /* Products */ = {
			isa = PBXGroup;
			children = (
				238182B52156DA3400A70933 /* Assignment.app */,
			);
			name = Products;
			sourceTree = "<group>";
		};
		238182B72156DA3400A70933 /* Assignment */ = {
			isa = PBXGroup;
			children = (
				238182CD2156DAA500A70933 /* Storyboards */,
				238182CC2156DAA000A70933 /* Images */,
				238182CB2156DA9A00A70933 /* Classes */,
				238182CA2156DA8B00A70933 /* View Controller */,
				238182C42156DA3500A70933 /* Info.plist */,
			);
			path = Assignment;
			sourceTree = "<group>";
		};
		238182CA2156DA8B00A70933 /* View Controller */ = {
			isa = PBXGroup;
			children = (
				238182BA2156DA3400A70933 /* ViewController.swift */,
				238182D42156E95C00A70933 /* AboutViewController.swift */,
				238182D62156E96F00A70933 /* ProfileViewController.swift */,
				238182D82156E97E00A70933 /* PortfolioViewController.swift */,
			);
			path = "View Controller";
			sourceTree = "<group>";
		};
		238182CB2156DA9A00A70933 /* Classes */ = {
			isa = PBXGroup;
			children = (
				238182B82156DA3400A70933 /* AppDelegate.swift */,
			);
			path = Classes;
			sourceTree = "<group>";
		};
		238182CC2156DAA000A70933 /* Images */ = {
			isa = PBXGroup;
			children = (
				23EBB3992158154800F0A8E9 /* background_grey.jpg */,
				238182BF2156DA3500A70933 /* Assets.xcassets */,
			);
			path = Images;
			sourceTree = "<group>";
		};
		238182CD2156DAA500A70933 /* Storyboards */ = {
			isa = PBXGroup;
			children = (
				238182BC2156DA3400A70933 /* Main.storyboard */,
				238182C12156DA3500A70933 /* LaunchScreen.storyboard */,
			);
			path = Storyboards;
			sourceTree = "<group>";
		};
/* End PBXGroup section */

/* Begin PBXNativeTarget section */
		238182B42156DA3400A70933 /* Assignment */ = {
			isa = PBXNativeTarget;
			buildConfigurationList = 238182C72156DA3500A70933 /* Build configuration list for PBXNativeTarget "Assignment" */;
			buildPhases = (
				238182B12156DA3400A70933 /* Sources */,
				238182B22156DA3400A70933 /* Frameworks */,
				238182B32156DA3400A70933 /* Resources */,
			);
			buildRules = (
			);
			dependencies = (
			);
			name = Assignment;
			productName = Assignment;
			productReference = 238182B52156DA3400A70933 /* Assignment.app */;
			productType = "com.apple.product-type.application";
		};
/* End PBXNativeTarget section */

/* Begin PBXProject section */
		238182AD2156DA3400A70933 /* Project object */ = {
			isa = PBXProject;
			attributes = {
				LastSwiftUpdateCheck = 0940;
				LastUpgradeCheck = 0940;
				ORGANIZATIONNAME = "Devon Fazekas";
				TargetAttributes = {
					238182B42156DA3400A70933 = {
						CreatedOnToolsVersion = 9.4.1;
					};
				};
			};
			buildConfigurationList = 238182B02156DA3400A70933 /* Build configuration list for PBXProject "Assignment" */;
			compatibilityVersion = "Xcode 9.3";
			developmentRegion = en;
			hasScannedForEncodings = 0;
			knownRegions = (
				en,
				Base,
			);
			mainGroup = 238182AC2156DA3400A70933;
			productRefGroup = 238182B62156DA3400A70933 /* Products */;
			projectDirPath = "";
			projectRoot = "";
			targets = (
				238182B42156DA3400A70933 /* Assignment */,
			);
		};
/* End PBXProject section */

/* Begin PBXResourcesBuildPhase section */
		238182B32156DA3400A70933 /* Resources */ = {
			isa = PBXResourcesBuildPhase;
			buildActionMask = 2147483647;
			files = (
				23EBB39A2158154800F0A8E9 /* background_grey.jpg in Resources */,
				238182C32156DA3500A70933 /* LaunchScreen.storyboard in Resources */,
				238182C02156DA3500A70933 /* Assets.xcassets in Resources */,
				238182BE2156DA3400A70933 /* Main.storyboard in Resources */,
			);
			runOnlyForDeploymentPostprocessing = 0;
		};
/* End PBXResourcesBuildPhase section */

/* Begin PBXSourcesBuildPhase section */
		238182B12156DA3400A70933 /* Sources */ = {
			isa = PBXSourcesBuildPhase;
			buildActionMask = 2147483647;
			files = (
				238182D52156E95C00A70933 /* AboutViewController.swift in Sources */,
				238182D92156E97E00A70933 /* PortfolioViewController.swift in Sources */,
				238182BB2156DA3400A70933 /* ViewController.swift in Sources */,
				238182D72156E96F00A70933 /* ProfileViewController.swift in Sources */,
				238182B92156DA3400A70933 /* AppDelegate.swift in Sources */,
			);
			runOnlyForDeploymentPostprocessing = 0;
		};
/* End PBXSourcesBuildPhase section */

/* Begin PBXVariantGroup section */
		238182BC2156DA3400A70933 /* Main.storyboard */ = {
			isa = PBXVariantGroup;
			children = (
				238182BD2156DA3400A70933 /* Base */,
			);
			name = Main.storyboard;
			sourceTree = "<group>";
		};
		238182C12156DA3500A70933 /* LaunchScreen.storyboard */ = {
			isa = PBXVariantGroup;
			children = (
				238182C22156DA3500A70933 /* Base */,
			);
			name = LaunchScreen.storyboard;
			sourceTree = "<group>";
		};
/* End PBXVariantGroup section */

/* Begin XCBuildConfiguration section */
		238182C52156DA3500A70933 /* Debug */ = {
			isa = XCBuildConfiguration;
			buildSettings = {
				ALWAYS_SEARCH_USER_PATHS = NO;
				CLANG_ANALYZER_NONNULL = YES;
				CLANG_ANALYZER_NUMBER_OBJECT_CONVERSION = YES_AGGRESSIVE;
				CLANG_CXX_LANGUAGE_STANDARD = "gnu++14";
				CLANG_CXX_LIBRARY = "libc++";
				CLANG_ENABLE_MODULES = YES;
				CLANG_ENABLE_OBJC_ARC = YES;
				CLANG_ENABLE_OBJC_WEAK = YES;
				CLANG_WARN_BLOCK_CAPTURE_AUTORELEASING = YES;
				CLANG_WARN_BOOL_CONVERSION = YES;
				CLANG_WARN_COMMA = YES;
				CLANG_WARN_CONSTANT_CONVERSION = YES;
				CLANG_WARN_DEPRECATED_OBJC_IMPLEMENTATIONS = YES;
				CLANG_WARN_DIRECT_OBJC_ISA_USAGE = YES_ERROR;
				CLANG_WARN_DOCUMENTATION_COMMENTS = YES;
				CLANG_WARN_EMPTY_BODY = YES;
				CLANG_WARN_ENUM_CONVERSION = YES;
				CLANG_WARN_INFINITE_RECURSION = YES;
				CLANG_WARN_INT_CONVERSION = YES;
				CLANG_WARN_NON_LITERAL_NULL_CONVERSION = YES;
				CLANG_WARN_OBJC_IMPLICIT_RETAIN_SELF = YES;
				CLANG_WARN_OBJC_LITERAL_CONVERSION = YES;
				CLANG_WARN_OBJC_ROOT_CLASS = YES_ERROR;
				CLANG_WARN_RANGE_LOOP_ANALYSIS = YES;
				CLANG_WARN_STRICT_PROTOTYPES = YES;
				CLANG_WARN_SUSPICIOUS_MOVE = YES;
				CLANG_WARN_UNGUARDED_AVAILABILITY = YES_AGGRESSIVE;
				CLANG_WARN_UNREACHABLE_CODE = YES;
				CLANG_WARN__DUPLICATE_METHOD_MATCH = YES;
				CODE_SIGN_IDENTITY = "iPhone Developer";
				COPY_PHASE_STRIP = NO;
				DEBUG_INFORMATION_FORMAT = dwarf;
				ENABLE_STRICT_OBJC_MSGSEND = YES;
				ENABLE_TESTABILITY = YES;
				GCC_C_LANGUAGE_STANDARD = gnu11;
				GCC_DYNAMIC_NO_PIC = NO;
				GCC_NO_COMMON_BLOCKS = YES;
				GCC_OPTIMIZATION_LEVEL = 0;
				GCC_PREPROCESSOR_DEFINITIONS = (
					"DEBUG=1",
					"$(inherited)",
				);
				GCC_WARN_64_TO_32_BIT_CONVERSION = YES;
				GCC_WARN_ABOUT_RETURN_TYPE = YES_ERROR;
				GCC_WARN_UNDECLARED_SELECTOR = YES;
				GCC_WARN_UNINITIALIZED_AUTOS = YES_AGGRESSIVE;
				GCC_WARN_UNUSED_FUNCTION = YES;
				GCC_WARN_UNUSED_VARIABLE = YES;
				IPHONEOS_DEPLOYMENT_TARGET = 11.4;
				MTL_ENABLE_DEBUG_INFO = YES;
				ONLY_ACTIVE_ARCH = YES;
				SDKROOT = iphoneos;
				SWIFT_ACTIVE_COMPILATION_CONDITIONS = DEBUG;
				SWIFT_OPTIMIZATION_LEVEL = "-Onone";
			};
			name = Debug;
		};
		238182C62156DA3500A70933 /* Release */ = {
			isa = XCBuildConfiguration;
			buildSettings = {
				ALWAYS_SEARCH_USER_PATHS = NO;
				CLANG_ANALYZER_NONNULL = YES;
				CLANG_ANALYZER_NUMBER_OBJECT_CONVERSION = YES_AGGRESSIVE;
				CLANG_CXX_LANGUAGE_STANDARD = "gnu++14";
				CLANG_CXX_LIBRARY = "libc++";
				CLANG_ENABLE_MODULES = YES;
				CLANG_ENABLE_OBJC_ARC = YES;
				CLANG_ENABLE_OBJC_WEAK = YES;
				CLANG_WARN_BLOCK_CAPTURE_AUTORELEASING = YES;
				CLANG_WARN_BOOL_CONVERSION = YES;
				CLANG_WARN_COMMA = YES;
				CLANG_WARN_CONSTANT_CONVERSION = YES;
				CLANG_WARN_DEPRECATED_OBJC_IMPLEMENTATIONS = YES;
				CLANG_WARN_DIRECT_OBJC_ISA_USAGE = YES_ERROR;
				CLANG_WARN_DOCUMENTATION_COMMENTS = YES;
				CLANG_WARN_EMPTY_BODY = YES;
				CLANG_WARN_ENUM_CONVERSION = YES;
				CLANG_WARN_INFINITE_RECURSION = YES;
				CLANG_WARN_INT_CONVERSION = YES;
				CLANG_WARN_NON_LITERAL_NULL_CONVERSION = YES;
				CLANG_WARN_OBJC_IMPLICIT_RETAIN_SELF = YES;
				CLANG_WARN_OBJC_LITERAL_CONVERSION = YES;
				CLANG_WARN_OBJC_ROOT_CLASS = YES_ERROR;
				CLANG_WARN_RANGE_LOOP_ANALYSIS = YES;
				CLANG_WARN_STRICT_PROTOTYPES = YES;
				CLANG_WARN_SUSPICIOUS_MOVE = YES;
				CLANG_WARN_UNGUARDED_AVAILABILITY = YES_AGGRESSIVE;
				CLANG_WARN_UNREACHABLE_CODE = YES;
				CLANG_WARN__DUPLICATE_METHOD_MATCH = YES;
				CODE_SIGN_IDENTITY = "iPhone Developer";
				COPY_PHASE_STRIP = NO;
				DEBUG_INFORMATION_FORMAT = "dwarf-with-dsym";
				ENABLE_NS_ASSERTIONS = NO;
				ENABLE_STRICT_OBJC_MSGSEND = YES;
				GCC_C_LANGUAGE_STANDARD = gnu11;
				GCC_NO_COMMON_BLOCKS = YES;
				GCC_WARN_64_TO_32_BIT_CONVERSION = YES;
				GCC_WARN_ABOUT_RETURN_TYPE = YES_ERROR;
				GCC_WARN_UNDECLARED_SELECTOR = YES;
				GCC_WARN_UNINITIALIZED_AUTOS = YES_AGGRESSIVE;
				GCC_WARN_UNUSED_FUNCTION = YES;
				GCC_WARN_UNUSED_VARIABLE = YES;
				IPHONEOS_DEPLOYMENT_TARGET = 11.4;
				MTL_ENABLE_DEBUG_INFO = NO;
				SDKROOT = iphoneos;
				SWIFT_COMPILATION_MODE = wholemodule;
				SWIFT_OPTIMIZATION_LEVEL = "-O";
				VALIDATE_PRODUCT = YES;
			};
			name = Release;
		};
		238182C82156DA3500A70933 /* Debug */ = {
			isa = XCBuildConfiguration;
			buildSettings = {
				ASSETCATALOG_COMPILER_APPICON_NAME = AppIcon;
				CODE_SIGN_STYLE = Automatic;
				INFOPLIST_FILE = Assignment/Info.plist;
				LD_RUNPATH_SEARCH_PATHS = (
					"$(inherited)",
					"@executable_path/Frameworks",
				);
				PRODUCT_BUNDLE_IDENTIFIER = assignment.Assignment;
				PRODUCT_NAME = "$(TARGET_NAME)";
				SWIFT_VERSION = 4.0;
				TARGETED_DEVICE_FAMILY = "1,2";
			};
			name = Debug;
		};
		238182C92156DA3500A70933 /* Release */ = {
			isa = XCBuildConfiguration;
			buildSettings = {
				ASSETCATALOG_COMPILER_APPICON_NAME = AppIcon;
				CODE_SIGN_STYLE = Automatic;
				INFOPLIST_FILE = Assignment/Info.plist;
				LD_RUNPATH_SEARCH_PATHS = (
					"$(inherited)",
					"@executable_path/Frameworks",
				);
				PRODUCT_BUNDLE_IDENTIFIER = assignment.Assignment;
				PRODUCT_NAME = "$(TARGET_NAME)";
				SWIFT_VERSION = 4.0;
				TARGETED_DEVICE_FAMILY = "1,2";
			};
			name = Release;
		};
/* End XCBuildConfiguration section */

/* Begin XCConfigurationList section */
		238182B02156DA3400A70933 /* Build configuration list for PBXProject "Assignment" */ = {
			isa = XCConfigurationList;
			buildConfigurations = (
				238182C52156DA3500A70933 /* Debug */,
				238182C62156DA3500A70933 /* Release */,
			);
			defaultConfigurationIsVisible = 0;
			defaultConfigurationName = Release;
		};
		238182C72156DA3500A70933 /* Build configuration list for PBXNativeTarget "Assignment" */ = {
			isa = XCConfigurationList;
			buildConfigurations = (
				238182C82156DA3500A70933 /* Debug */,
				238182C92156DA3500A70933 /* Release */,
			);
			defaultConfigurationIsVisible = 0;
			defaultConfigurationName = Release;
		};
/* End XCConfigurationList section */
	};
	rootObject = 238182AD2156DA3400A70933 /* Project object */;
}
